// !$*UTF8*$!
{
	archiveVersion = 1;
	classes = {
	};
	objectVersion = 77;
	objects = {

/* Begin PBXBuildFile section */
		481B48BE2D90385E006A5C01 /* GoogleSignIn in Frameworks */ = {isa = PBXBuildFile; productRef = 481B48BD2D90385E006A5C01 /* GoogleSignIn */; };
		481B48C02D90385E006A5C01 /* GoogleSignInSwift in Frameworks */ = {isa = PBXBuildFile; productRef = 481B48BF2D90385E006A5C01 /* GoogleSignInSwift */; };
		481B49022D903E40006A5C01 /* FirebaseAuth in Frameworks */ = {isa = PBXBuildFile; productRef = 481B49012D903E40006A5C01 /* FirebaseAuth */; };
		481B49042D903EBB006A5C01 /* FirebaseCore in Frameworks */ = {isa = PBXBuildFile; productRef = 481B49032D903EBB006A5C01 /* FirebaseCore */; };
		48E324732D92BDF9002D4C39 /* FirebaseFirestore in Frameworks */ = {isa = PBXBuildFile; productRef = 48E324722D92BDF9002D4C39 /* FirebaseFirestore */; };
		8516570F2DAB0A6200E69A17 /* GoogleGenerativeAI in Frameworks */ = {isa = PBXBuildFile; productRef = 8516570E2DAB0A6200E69A17 /* GoogleGenerativeAI */; };
		85D4CFC62DAC35CF00ABBCCC /* libsqlite3.0.tbd in Frameworks */ = {isa = PBXBuildFile; fileRef = 85D4CFC52DAC35C800ABBCCC /* libsqlite3.0.tbd */; };
		85D4CFC82DAC35D600ABBCCC /* WebKit.framework in Frameworks */ = {isa = PBXBuildFile; fileRef = 85D4CFC72DAC35D600ABBCCC /* WebKit.framework */; };
		85D4CFD02DAC3D9E00ABBCCC /* AVFoundation.framework in Frameworks */ = {isa = PBXBuildFile; fileRef = 85D4CFCF2DAC3D9E00ABBCCC /* AVFoundation.framework */; };
/* End PBXBuildFile section */

/* Begin PBXCopyFilesBuildPhase section */
		481B48C42D903884006A5C01 /* Embed Frameworks */ = {
			isa = PBXCopyFilesBuildPhase;
			buildActionMask = 2147483647;
			dstPath = "";
			dstSubfolderSpec = 10;
			files = (
			);
			name = "Embed Frameworks";
			runOnlyForDeploymentPostprocessing = 0;
		};
/* End PBXCopyFilesBuildPhase section */

/* Begin PBXFileReference section */
		481E869C2D8B186A00E03036 /* MoveX.app */ = {isa = PBXFileReference; explicitFileType = wrapper.application; includeInIndex = 0; path = MoveX.app; sourceTree = BUILT_PRODUCTS_DIR; };
		85D4CFC52DAC35C800ABBCCC /* libsqlite3.0.tbd */ = {isa = PBXFileReference; lastKnownFileType = "sourcecode.text-based-dylib-definition"; name = libsqlite3.0.tbd; path = usr/lib/libsqlite3.0.tbd; sourceTree = SDKROOT; };
		85D4CFC72DAC35D600ABBCCC /* WebKit.framework */ = {isa = PBXFileReference; lastKnownFileType = wrapper.framework; name = WebKit.framework; path = System/Library/Frameworks/WebKit.framework; sourceTree = SDKROOT; };
		85D4CFCF2DAC3D9E00ABBCCC /* AVFoundation.framework */ = {isa = PBXFileReference; lastKnownFileType = wrapper.framework; name = AVFoundation.framework; path = System/Library/Frameworks/AVFoundation.framework; sourceTree = SDKROOT; };
/* End PBXFileReference section */

/* Begin PBXFileSystemSynchronizedBuildFileExceptionSet section */
		481E86AE2D8B186B00E03036 /* Exceptions for "MoveX" folder in "MoveX" target */ = {
			isa = PBXFileSystemSynchronizedBuildFileExceptionSet;
			membershipExceptions = (
				Info.plist,
			);
			target = 481E869B2D8B186A00E03036 /* MoveX */;
		};
/* End PBXFileSystemSynchronizedBuildFileExceptionSet section */

/* Begin PBXFileSystemSynchronizedRootGroup section */
		481E869E2D8B186A00E03036 /* MoveX */ = {
			isa = PBXFileSystemSynchronizedRootGroup;
			exceptions = (
				481E86AE2D8B186B00E03036 /* Exceptions for "MoveX" folder in "MoveX" target */,
			);
			path = MoveX;
			sourceTree = "<group>";
		};
/* End PBXFileSystemSynchronizedRootGroup section */

/* Begin PBXFrameworksBuildPhase section */
		481E86992D8B186A00E03036 /* Frameworks */ = {
			isa = PBXFrameworksBuildPhase;
			buildActionMask = 2147483647;
			files = (
				481B49022D903E40006A5C01 /* FirebaseAuth in Frameworks */,
				481B48C02D90385E006A5C01 /* GoogleSignInSwift in Frameworks */,
				85D4CFD02DAC3D9E00ABBCCC /* AVFoundation.framework in Frameworks */,
				85D4CFC82DAC35D600ABBCCC /* WebKit.framework in Frameworks */,
				481B49042D903EBB006A5C01 /* FirebaseCore in Frameworks */,
				8516570F2DAB0A6200E69A17 /* GoogleGenerativeAI in Frameworks */,
				48E324732D92BDF9002D4C39 /* FirebaseFirestore in Frameworks */,
				481B48BE2D90385E006A5C01 /* GoogleSignIn in Frameworks */,
				85D4CFC62DAC35CF00ABBCCC /* libsqlite3.0.tbd in Frameworks */,
			);
			runOnlyForDeploymentPostprocessing = 0;
		};
/* End PBXFrameworksBuildPhase section */

/* Begin PBXGroup section */
		481E86932D8B186A00E03036 = {
			isa = PBXGroup;
			children = (
				481E869E2D8B186A00E03036 /* MoveX */,
				48E324712D92BDF9002D4C39 /* Frameworks */,
				481E869D2D8B186A00E03036 /* Products */,
			);
			sourceTree = "<group>";
		};
		481E869D2D8B186A00E03036 /* Products */ = {
			isa = PBXGroup;
			children = (
				481E869C2D8B186A00E03036 /* MoveX.app */,
			);
			name = Products;
			sourceTree = "<group>";
		};
		48E324712D92BDF9002D4C39 /* Frameworks */ = {
			isa = PBXGroup;
			children = (
				85D4CFCF2DAC3D9E00ABBCCC /* AVFoundation.framework */,
				85D4CFC72DAC35D600ABBCCC /* WebKit.framework */,
				85D4CFC52DAC35C800ABBCCC /* libsqlite3.0.tbd */,
			);
			name = Frameworks;
			sourceTree = "<group>";
		};
/* End PBXGroup section */

/* Begin PBXNativeTarget section */
		481E869B2D8B186A00E03036 /* MoveX */ = {
			isa = PBXNativeTarget;
			buildConfigurationList = 481E86AF2D8B186B00E03036 /* Build configuration list for PBXNativeTarget "MoveX" */;
			buildPhases = (
				481E86982D8B186A00E03036 /* Sources */,
				481E86992D8B186A00E03036 /* Frameworks */,
				481E869A2D8B186A00E03036 /* Resources */,
				481B48C42D903884006A5C01 /* Embed Frameworks */,
			);
			buildRules = (
			);
			dependencies = (
			);
			fileSystemSynchronizedGroups = (
				481E869E2D8B186A00E03036 /* MoveX */,
			);
			name = MoveX;
			productName = MoveX;
			productReference = 481E869C2D8B186A00E03036 /* MoveX.app */;
			productType = "com.apple.product-type.application";
		};
/* End PBXNativeTarget section */

/* Begin PBXProject section */
		481E86942D8B186A00E03036 /* Project object */ = {
			isa = PBXProject;
			attributes = {
				BuildIndependentTargetsInParallel = 1;
				LastSwiftUpdateCheck = 1620;
				LastUpgradeCheck = 1620;
				TargetAttributes = {
					481E869B2D8B186A00E03036 = {
						CreatedOnToolsVersion = 16.2;
					};
				};
			};
			buildConfigurationList = 481E86972D8B186A00E03036 /* Build configuration list for PBXProject "MoveX" */;
			developmentRegion = en;
			hasScannedForEncodings = 0;
			knownRegions = (
				en,
				Base,
			);
			mainGroup = 481E86932D8B186A00E03036;
			minimizedProjectReferenceProxies = 1;
			packageReferences = (
				481B48BC2D90385E006A5C01 /* XCRemoteSwiftPackageReference "GoogleSignIn-iOS" */,
				481B49002D903CC7006A5C01 /* XCRemoteSwiftPackageReference "firebase-ios-sdk" */,
				8516570D2DAB0A6200E69A17 /* XCRemoteSwiftPackageReference "generative-ai-swift" */,
			);
			preferredProjectObjectVersion = 77;
			productRefGroup = 481E869D2D8B186A00E03036 /* Products */;
			projectDirPath = "";
			projectRoot = "";
			targets = (
				481E869B2D8B186A00E03036 /* MoveX */,
			);
		};
/* End PBXProject section */

/* Begin PBXResourcesBuildPhase section */
		481E869A2D8B186A00E03036 /* Resources */ = {
			isa = PBXResourcesBuildPhase;
			buildActionMask = 2147483647;
			files = (
			);
			runOnlyForDeploymentPostprocessing = 0;
		};
/* End PBXResourcesBuildPhase section */

/* Begin PBXSourcesBuildPhase section */
		481E86982D8B186A00E03036 /* Sources */ = {
			isa = PBXSourcesBuildPhase;
			buildActionMask = 2147483647;
			files = (
			);
			runOnlyForDeploymentPostprocessing = 0;
		};
/* End PBXSourcesBuildPhase section */

/* Begin XCBuildConfiguration section */
		481E86B02D8B186B00E03036 /* Debug */ = {
			isa = XCBuildConfiguration;
			buildSettings = {
				ASSETCATALOG_COMPILER_APPICON_NAME = AppIcon;
				ASSETCATALOG_COMPILER_GLOBAL_ACCENT_COLOR_NAME = AccentColor;
				CODE_SIGN_STYLE = Automatic;
				CURRENT_PROJECT_VERSION = 1;
				DEVELOPMENT_TEAM = BF68ZR3266;
				GENERATE_INFOPLIST_FILE = YES;
				INFOPLIST_FILE = MoveX/Info.plist;
				INFOPLIST_KEY_UIApplicationSupportsIndirectInputEvents = YES;
				INFOPLIST_KEY_UILaunchStoryboardName = LaunchScreen;
				INFOPLIST_KEY_UIMainStoryboardFile = Main;
				INFOPLIST_KEY_UISupportedInterfaceOrientations_iPad = "UIInterfaceOrientationPortrait UIInterfaceOrientationPortraitUpsideDown UIInterfaceOrientationLandscapeLeft UIInterfaceOrientationLandscapeRight";
				INFOPLIST_KEY_UISupportedInterfaceOrientations_iPhone = "UIInterfaceOrientationPortrait UIInterfaceOrientationLandscapeLeft UIInterfaceOrientationLandscapeRight";
				LD_RUNPATH_SEARCH_PATHS = (
					"$(inherited)",
					"@executable_path/Frameworks",
				);
				MARKETING_VERSION = 1.0;
				PRODUCT_BUNDLE_IDENTIFIER = sangrajv.MoveX;
				PRODUCT_NAME = "$(TARGET_NAME)";
				SWIFT_EMIT_LOC_STRINGS = YES;
				SWIFT_VERSION = 5.0;
				TARGETED_DEVICE_FAMILY = "1,2";
			};
			name = Debug;
		};
		481E86B12D8B186B00E03036 /* Release */ = {
			isa = XCBuildConfiguration;
			buildSettings = {
				ASSETCATALOG_COMPILER_APPICON_NAME = AppIcon;
				ASSETCATALOG_COMPILER_GLOBAL_ACCENT_COLOR_NAME = AccentColor;
				CODE_SIGN_STYLE = Automatic;
				CURRENT_PROJECT_VERSION = 1;
				DEVELOPMENT_TEAM = BF68ZR3266;
				GENERATE_INFOPLIST_FILE = YES;
				INFOPLIST_FILE = MoveX/Info.plist;
				INFOPLIST_KEY_UIApplicationSupportsIndirectInputEvents = YES;
				INFOPLIST_KEY_UILaunchStoryboardName = LaunchScreen;
				INFOPLIST_KEY_UIMainStoryboardFile = Main;
				INFOPLIST_KEY_UISupportedInterfaceOrientations_iPad = "UIInterfaceOrientationPortrait UIInterfaceOrientationPortraitUpsideDown UIInterfaceOrientationLandscapeLeft UIInterfaceOrientationLandscapeRight";
				INFOPLIST_KEY_UISupportedInterfaceOrientations_iPhone = "UIInterfaceOrientationPortrait UIInterfaceOrientationLandscapeLeft UIInterfaceOrientationLandscapeRight";
				LD_RUNPATH_SEARCH_PATHS = (
					"$(inherited)",
					"@executable_path/Frameworks",
				);
				MARKETING_VERSION = 1.0;
				PRODUCT_BUNDLE_IDENTIFIER = sangrajv.MoveX;
				PRODUCT_NAME = "$(TARGET_NAME)";
				SWIFT_EMIT_LOC_STRINGS = YES;
				SWIFT_VERSION = 5.0;
				TARGETED_DEVICE_FAMILY = "1,2";
			};
			name = Release;
		};
		481E86B22D8B186B00E03036 /* Debug */ = {
			isa = XCBuildConfiguration;
			buildSettings = {
				ALWAYS_SEARCH_USER_PATHS = NO;
				ASSETCATALOG_COMPILER_GENERATE_SWIFT_ASSET_SYMBOL_EXTENSIONS = YES;
				CLANG_ANALYZER_NONNULL = YES;
				CLANG_ANALYZER_NUMBER_OBJECT_CONVERSION = YES_AGGRESSIVE;
				CLANG_CXX_LANGUAGE_STANDARD = "gnu++20";
				CLANG_ENABLE_MODULES = YES;
				CLANG_ENABLE_OBJC_ARC = YES;
				CLANG_ENABLE_OBJC_WEAK = YES;
				CLANG_WARN_BLOCK_CAPTURE_AUTORELEASING = YES;
				CLANG_WARN_BOOL_CONVERSION = YES;
				CLANG_WARN_COMMA = YES;
				CLANG_WARN_CONSTANT_CONVERSION = YES;
				CLANG_WARN_DEPRECATED_OBJC_IMPLEMENTATIONS = YES;
				CLANG_WARN_DIRECT_OBJC_ISA_USAGE = YES_ERROR;
				CLANG_WARN_DOCUMENTATION_COMMENTS = YES;
				CLANG_WARN_EMPTY_BODY = YES;
				CLANG_WARN_ENUM_CONVERSION = YES;
				CLANG_WARN_INFINITE_RECURSION = YES;
				CLANG_WARN_INT_CONVERSION = YES;
				CLANG_WARN_NON_LITERAL_NULL_CONVERSION = YES;
				CLANG_WARN_OBJC_IMPLICIT_RETAIN_SELF = YES;
				CLANG_WARN_OBJC_LITERAL_CONVERSION = YES;
				CLANG_WARN_OBJC_ROOT_CLASS = YES_ERROR;
				CLANG_WARN_QUOTED_INCLUDE_IN_FRAMEWORK_HEADER = YES;
				CLANG_WARN_RANGE_LOOP_ANALYSIS = YES;
				CLANG_WARN_STRICT_PROTOTYPES = YES;
				CLANG_WARN_SUSPICIOUS_MOVE = YES;
				CLANG_WARN_UNGUARDED_AVAILABILITY = YES_AGGRESSIVE;
				CLANG_WARN_UNREACHABLE_CODE = YES;
				CLANG_WARN__DUPLICATE_METHOD_MATCH = YES;
				COPY_PHASE_STRIP = NO;
				DEBUG_INFORMATION_FORMAT = dwarf;
				ENABLE_STRICT_OBJC_MSGSEND = YES;
				ENABLE_TESTABILITY = YES;
				ENABLE_USER_SCRIPT_SANDBOXING = NO;
				GCC_C_LANGUAGE_STANDARD = gnu17;
				GCC_DYNAMIC_NO_PIC = NO;
				GCC_NO_COMMON_BLOCKS = YES;
				GCC_OPTIMIZATION_LEVEL = 0;
				GCC_PREPROCESSOR_DEFINITIONS = (
					"DEBUG=1",
					"$(inherited)",
				);
				GCC_WARN_64_TO_32_BIT_CONVERSION = YES;
				GCC_WARN_ABOUT_RETURN_TYPE = YES_ERROR;
				GCC_WARN_UNDECLARED_SELECTOR = YES;
				GCC_WARN_UNINITIALIZED_AUTOS = YES_AGGRESSIVE;
				GCC_WARN_UNUSED_FUNCTION = YES;
				GCC_WARN_UNUSED_VARIABLE = YES;
				IPHONEOS_DEPLOYMENT_TARGET = 18.2;
				LOCALIZATION_PREFERS_STRING_CATALOGS = YES;
				MTL_ENABLE_DEBUG_INFO = INCLUDE_SOURCE;
				MTL_FAST_MATH = YES;
				ONLY_ACTIVE_ARCH = YES;
				SDKROOT = iphoneos;
				SWIFT_ACTIVE_COMPILATION_CONDITIONS = "DEBUG $(inherited)";
				SWIFT_OPTIMIZATION_LEVEL = "-Onone";
			};
			name = Debug;
		};
		481E86B32D8B186B00E03036 /* Release */ = {
			isa = XCBuildConfiguration;
			buildSettings = {
				ALWAYS_SEARCH_USER_PATHS = NO;
				ASSETCATALOG_COMPILER_GENERATE_SWIFT_ASSET_SYMBOL_EXTENSIONS = YES;
				CLANG_ANALYZER_NONNULL = YES;
				CLANG_ANALYZER_NUMBER_OBJECT_CONVERSION = YES_AGGRESSIVE;
				CLANG_CXX_LANGUAGE_STANDARD = "gnu++20";
				CLANG_ENABLE_MODULES = YES;
				CLANG_ENABLE_OBJC_ARC = YES;
				CLANG_ENABLE_OBJC_WEAK = YES;
				CLANG_WARN_BLOCK_CAPTURE_AUTORELEASING = YES;
				CLANG_WARN_BOOL_CONVERSION = YES;
				CLANG_WARN_COMMA = YES;
				CLANG_WARN_CONSTANT_CONVERSION = YES;
				CLANG_WARN_DEPRECATED_OBJC_IMPLEMENTATIONS = YES;
				CLANG_WARN_DIRECT_OBJC_ISA_USAGE = YES_ERROR;
				CLANG_WARN_DOCUMENTATION_COMMENTS = YES;
				CLANG_WARN_EMPTY_BODY = YES;
				CLANG_WARN_ENUM_CONVERSION = YES;
				CLANG_WARN_INFINITE_RECURSION = YES;
				CLANG_WARN_INT_CONVERSION = YES;
				CLANG_WARN_NON_LITERAL_NULL_CONVERSION = YES;
				CLANG_WARN_OBJC_IMPLICIT_RETAIN_SELF = YES;
				CLANG_WARN_OBJC_LITERAL_CONVERSION = YES;
				CLANG_WARN_OBJC_ROOT_CLASS = YES_ERROR;
				CLANG_WARN_QUOTED_INCLUDE_IN_FRAMEWORK_HEADER = YES;
				CLANG_WARN_RANGE_LOOP_ANALYSIS = YES;
				CLANG_WARN_STRICT_PROTOTYPES = YES;
				CLANG_WARN_SUSPICIOUS_MOVE = YES;
				CLANG_WARN_UNGUARDED_AVAILABILITY = YES_AGGRESSIVE;
				CLANG_WARN_UNREACHABLE_CODE = YES;
				CLANG_WARN__DUPLICATE_METHOD_MATCH = YES;
				COPY_PHASE_STRIP = NO;
				DEBUG_INFORMATION_FORMAT = "dwarf-with-dsym";
				ENABLE_NS_ASSERTIONS = NO;
				ENABLE_STRICT_OBJC_MSGSEND = YES;
				ENABLE_USER_SCRIPT_SANDBOXING = NO;
				GCC_C_LANGUAGE_STANDARD = gnu17;
				GCC_NO_COMMON_BLOCKS = YES;
				GCC_WARN_64_TO_32_BIT_CONVERSION = YES;
				GCC_WARN_ABOUT_RETURN_TYPE = YES_ERROR;
				GCC_WARN_UNDECLARED_SELECTOR = YES;
				GCC_WARN_UNINITIALIZED_AUTOS = YES_AGGRESSIVE;
				GCC_WARN_UNUSED_FUNCTION = YES;
				GCC_WARN_UNUSED_VARIABLE = YES;
				IPHONEOS_DEPLOYMENT_TARGET = 18.2;
				LOCALIZATION_PREFERS_STRING_CATALOGS = YES;
				MTL_ENABLE_DEBUG_INFO = NO;
				MTL_FAST_MATH = YES;
				SDKROOT = iphoneos;
				SWIFT_COMPILATION_MODE = wholemodule;
				VALIDATE_PRODUCT = YES;
			};
			name = Release;
		};
/* End XCBuildConfiguration section */

/* Begin XCConfigurationList section */
		481E86972D8B186A00E03036 /* Build configuration list for PBXProject "MoveX" */ = {
			isa = XCConfigurationList;
			buildConfigurations = (
				481E86B22D8B186B00E03036 /* Debug */,
				481E86B32D8B186B00E03036 /* Release */,
			);
			defaultConfigurationIsVisible = 0;
			defaultConfigurationName = Release;
		};
		481E86AF2D8B186B00E03036 /* Build configuration list for PBXNativeTarget "MoveX" */ = {
			isa = XCConfigurationList;
			buildConfigurations = (
				481E86B02D8B186B00E03036 /* Debug */,
				481E86B12D8B186B00E03036 /* Release */,
			);
			defaultConfigurationIsVisible = 0;
			defaultConfigurationName = Release;
		};
/* End XCConfigurationList section */

/* Begin XCRemoteSwiftPackageReference section */
		481B48BC2D90385E006A5C01 /* XCRemoteSwiftPackageReference "GoogleSignIn-iOS" */ = {
			isa = XCRemoteSwiftPackageReference;
			repositoryURL = "https://github.com/google/GoogleSignIn-iOS";
			requirement = {
				kind = upToNextMajorVersion;
				minimumVersion = 8.0.0;
			};
		};
		481B49002D903CC7006A5C01 /* XCRemoteSwiftPackageReference "firebase-ios-sdk" */ = {
			isa = XCRemoteSwiftPackageReference;
			repositoryURL = "https://github.com/firebase/firebase-ios-sdk.git";
			requirement = {
				kind = upToNextMajorVersion;
				minimumVersion = 11.10.0;
			};
		};
		8516570D2DAB0A6200E69A17 /* XCRemoteSwiftPackageReference "generative-ai-swift" */ = {
			isa = XCRemoteSwiftPackageReference;
			repositoryURL = "https://github.com/google/generative-ai-swift";
			requirement = {
				kind = upToNextMajorVersion;
				minimumVersion = 0.5.6;
			};
		};
/* End XCRemoteSwiftPackageReference section */

/* Begin XCSwiftPackageProductDependency section */
		481B48BD2D90385E006A5C01 /* GoogleSignIn */ = {
			isa = XCSwiftPackageProductDependency;
			package = 481B48BC2D90385E006A5C01 /* XCRemoteSwiftPackageReference "GoogleSignIn-iOS" */;
			productName = GoogleSignIn;
		};
		481B48BF2D90385E006A5C01 /* GoogleSignInSwift */ = {
			isa = XCSwiftPackageProductDependency;
			package = 481B48BC2D90385E006A5C01 /* XCRemoteSwiftPackageReference "GoogleSignIn-iOS" */;
			productName = GoogleSignInSwift;
		};
		481B49012D903E40006A5C01 /* FirebaseAuth */ = {
			isa = XCSwiftPackageProductDependency;
			package = 481B49002D903CC7006A5C01 /* XCRemoteSwiftPackageReference "firebase-ios-sdk" */;
			productName = FirebaseAuth;
		};
		481B49032D903EBB006A5C01 /* FirebaseCore */ = {
			isa = XCSwiftPackageProductDependency;
			package = 481B49002D903CC7006A5C01 /* XCRemoteSwiftPackageReference "firebase-ios-sdk" */;
			productName = FirebaseCore;
		};
		48E324722D92BDF9002D4C39 /* FirebaseFirestore */ = {
			isa = XCSwiftPackageProductDependency;
			package = 481B49002D903CC7006A5C01 /* XCRemoteSwiftPackageReference "firebase-ios-sdk" */;
			productName = FirebaseFirestore;
		};
		8516570E2DAB0A6200E69A17 /* GoogleGenerativeAI */ = {
			isa = XCSwiftPackageProductDependency;
			package = 8516570D2DAB0A6200E69A17 /* XCRemoteSwiftPackageReference "generative-ai-swift" */;
			productName = GoogleGenerativeAI;
		};
/* End XCSwiftPackageProductDependency section */
	};
	rootObject = 481E86942D8B186A00E03036 /* Project object */;
}
